
Microsoft Visual Studio Solution File, Format Version 12.00
# Visual Studio Version 16
VisualStudioVersion = 16.0.29519.87
MinimumVisualStudioVersion = 10.0.40219.1
Project("{FAE04EC0-301F-11D3-BF4B-00C04F79EFBC}") = "LocalMUNManager", "LocalMUNManager\LocalMUNManager.csproj", "{538DCBC8-33A1-422D-A74D-5D9C6AE8DD92}"
EndProject
Project("{FAE04EC0-301F-11D3-BF4B-00C04F79EFBC}") = "IMUNModel", "..\IMUNModel\IMUNModel.csproj", "{CD7B0096-6E19-4C76-8D6E-9F9FE4159337}"
EndProject
Global
	GlobalSection(SolutionConfigurationPlatforms) = preSolution
		Debug|Any CPU = Debug|Any CPU
		Release|Any CPU = Release|Any CPU
	EndGlobalSection
	GlobalSection(ProjectConfigurationPlatforms) = postSolution
		{538DCBC8-33A1-422D-A74D-5D9C6AE8DD92}.Debug|Any CPU.ActiveCfg = Debug|Any CPU
		{538DCBC8-33A1-422D-A74D-5D9C6AE8DD92}.Debug|Any CPU.Build.0 = Debug|Any CPU
		{538DCBC8-33A1-422D-A74D-5D9C6AE8DD92}.Release|Any CPU.ActiveCfg = Release|Any CPU
		{538DCBC8-33A1-422D-A74D-5D9C6AE8DD92}.Release|Any CPU.Build.0 = Release|Any CPU
		{CD7B0096-6E19-4C76-8D6E-9F9FE4159337}.Debug|Any CPU.ActiveCfg = Debug|Any CPU
		{CD7B0096-6E19-4C76-8D6E-9F9FE4159337}.Debug|Any CPU.Build.0 = Debug|Any CPU
		{CD7B0096-6E19-4C76-8D6E-9F9FE4159337}.Release|Any CPU.ActiveCfg = Release|Any CPU
		{CD7B0096-6E19-4C76-8D6E-9F9FE4159337}.Release|Any CPU.Build.0 = Release|Any CPU
	EndGlobalSection
	GlobalSection(SolutionProperties) = preSolution
		HideSolutionNode = FALSE
	EndGlobalSection
	GlobalSection(ExtensibilityGlobals) = postSolution
		SolutionGuid = {EE561A10-70B9-4E09-8A63-B8AF66FEFB09}
	EndGlobalSection
EndGlobal
